{
  "name": "@rvst/codegen",
  "version": "0.1.0",
  "lockfileVersion": 3,
  "requires": true,
  "packages": {
    "": {
      "name": "@rvst/codegen",
      "version": "0.1.0",
      "dependencies": {
        "@rvst/api": "file:../rvst-api"
      }
    },
    "../rvst-api": {
      "name": "@rvst/api",
      "version": "0.1.0",
      "dependencies": {
        "typescript": "^5.0.0"
      }
    },
    "node_modules/@rvst/api": {
      "resolved": "../rvst-api",
      "link": true
    }
  }
}
